// !$*UTF8*$!
{
	archiveVersion = 1;
	classes = {
	};
	objectVersion = 46;
	objects = {

/* Begin PBXBuildFile section */
		6B98E5C01C131BEF0033A133 /* AppDelegate.swift in Sources */ = {isa = PBXBuildFile; fileRef = 6B98E5BF1C131BEF0033A133 /* AppDelegate.swift */; };
		6B98E5C21C131BEF0033A133 /* ViewController.swift in Sources */ = {isa = PBXBuildFile; fileRef = 6B98E5C11C131BEF0033A133 /* ViewController.swift */; };
		6B98E5C51C131BEF0033A133 /* Main.storyboard in Resources */ = {isa = PBXBuildFile; fileRef = 6B98E5C31C131BEF0033A133 /* Main.storyboard */; };
		6B98E5C71C131BEF0033A133 /* Assets.xcassets in Resources */ = {isa = PBXBuildFile; fileRef = 6B98E5C61C131BEF0033A133 /* Assets.xcassets */; };
		6B98E5CA1C131BEF0033A133 /* LaunchScreen.storyboard in Resources */ = {isa = PBXBuildFile; fileRef = 6B98E5C81C131BEF0033A133 /* LaunchScreen.storyboard */; };
		A745BB6A4656C21F28415728 /* libPods.a in Frameworks */ = {isa = PBXBuildFile; fileRef = C9F126EF5A8C281D64F85E37 /* libPods.a */; };
/* End PBXBuildFile section */

/* Begin PBXFileReference section */
		288CF55D461CA44745B6DB3B /* Pods.release.xcconfig */ = {isa = PBXFileReference; includeInIndex = 1; lastKnownFileType = text.xcconfig; name = Pods.release.xcconfig; path = "Pods/Target Support Files/Pods/Pods.release.xcconfig"; sourceTree = "<group>"; };
		6B98E5BC1C131BEF0033A133 /* HelloEstimote.app */ = {isa = PBXFileReference; explicitFileType = wrapper.application; includeInIndex = 0; path = HelloEstimote.app; sourceTree = BUILT_PRODUCTS_DIR; };
		6B98E5BF1C131BEF0033A133 /* AppDelegate.swift */ = {isa = PBXFileReference; lastKnownFileType = sourcecode.swift; path = AppDelegate.swift; sourceTree = "<group>"; };
		6B98E5C11C131BEF0033A133 /* ViewController.swift */ = {isa = PBXFileReference; lastKnownFileType = sourcecode.swift; path = ViewController.swift; sourceTree = "<group>"; };
		6B98E5C41C131BEF0033A133 /* Base */ = {isa = PBXFileReference; lastKnownFileType = file.storyboard; name = Base; path = Base.lproj/Main.storyboard; sourceTree = "<group>"; };
		6B98E5C61C131BEF0033A133 /* Assets.xcassets */ = {isa = PBXFileReference; lastKnownFileType = folder.assetcatalog; path = Assets.xcassets; sourceTree = "<group>"; };
		6B98E5C91C131BEF0033A133 /* Base */ = {isa = PBXFileReference; lastKnownFileType = file.storyboard; name = Base; path = Base.lproj/LaunchScreen.storyboard; sourceTree = "<group>"; };
		6B98E5CB1C131BEF0033A133 /* Info.plist */ = {isa = PBXFileReference; lastKnownFileType = text.plist.xml; path = Info.plist; sourceTree = "<group>"; };
		6B98E5D21C1321C90033A133 /* ObjCBridge.h */ = {isa = PBXFileReference; lastKnownFileType = sourcecode.c.h; path = ObjCBridge.h; sourceTree = "<group>"; };
		C05869735B46F34418428462 /* Pods.debug.xcconfig */ = {isa = PBXFileReference; includeInIndex = 1; lastKnownFileType = text.xcconfig; name = Pods.debug.xcconfig; path = "Pods/Target Support Files/Pods/Pods.debug.xcconfig"; sourceTree = "<group>"; };
		C9F126EF5A8C281D64F85E37 /* libPods.a */ = {isa = PBXFileReference; explicitFileType = archive.ar; includeInIndex = 0; path = libPods.a; sourceTree = BUILT_PRODUCTS_DIR; };
/* End PBXFileReference section */

/* Begin PBXFrameworksBuildPhase section */
		6B98E5B91C131BEF0033A133 /* Frameworks */ = {
			isa = PBXFrameworksBuildPhase;
			buildActionMask = 2147483647;
			files = (
				A745BB6A4656C21F28415728 /* libPods.a in Frameworks */,
			);
			runOnlyForDeploymentPostprocessing = 0;
		};
/* End PBXFrameworksBuildPhase section */

/* Begin PBXGroup section */
		6B98E5B31C131BEF0033A133 = {
			isa = PBXGroup;
			children = (
				6B98E5BE1C131BEF0033A133 /* HelloEstimote */,
				6B98E5BD1C131BEF0033A133 /* Products */,
				FC5DB07C73765BF72D9198E2 /* Pods */,
				714BD648CB42BC860A9AE15E /* Frameworks */,
			);
			sourceTree = "<group>";
		};
		6B98E5BD1C131BEF0033A133 /* Products */ = {
			isa = PBXGroup;
			children = (
				6B98E5BC1C131BEF0033A133 /* HelloEstimote.app */,
			);
			name = Products;
			sourceTree = "<group>";
		};
		6B98E5BE1C131BEF0033A133 /* HelloEstimote */ = {
			isa = PBXGroup;
			children = (
				6B98E5BF1C131BEF0033A133 /* AppDelegate.swift */,
				6B98E5C11C131BEF0033A133 /* ViewController.swift */,
				6B98E5C31C131BEF0033A133 /* Main.storyboard */,
				6B98E5C61C131BEF0033A133 /* Assets.xcassets */,
				6B98E5C81C131BEF0033A133 /* LaunchScreen.storyboard */,
				6B98E5CB1C131BEF0033A133 /* Info.plist */,
				6B98E5D21C1321C90033A133 /* ObjCBridge.h */,
			);
			path = HelloEstimote;
			sourceTree = "<group>";
		};
		714BD648CB42BC860A9AE15E /* Frameworks */ = {
			isa = PBXGroup;
			children = (
				C9F126EF5A8C281D64F85E37 /* libPods.a */,
			);
			name = Frameworks;
			sourceTree = "<group>";
		};
		FC5DB07C73765BF72D9198E2 /* Pods */ = {
			isa = PBXGroup;
			children = (
				C05869735B46F34418428462 /* Pods.debug.xcconfig */,
				288CF55D461CA44745B6DB3B /* Pods.release.xcconfig */,
			);
			name = Pods;
			sourceTree = "<group>";
		};
/* End PBXGroup section */

/* Begin PBXNativeTarget section */
		6B98E5BB1C131BEF0033A133 /* HelloEstimote */ = {
			isa = PBXNativeTarget;
			buildConfigurationList = 6B98E5CE1C131BEF0033A133 /* Build configuration list for PBXNativeTarget "HelloEstimote" */;
			buildPhases = (
				CC983D8759DA4D54D527FF12 /* Check Pods Manifest.lock */,
				6B98E5B81C131BEF0033A133 /* Sources */,
				6B98E5B91C131BEF0033A133 /* Frameworks */,
				6B98E5BA1C131BEF0033A133 /* Resources */,
				862019E28B9DDF573E054DD1 /* Embed Pods Frameworks */,
				1E6CF43D64C37E1C8AB8C6BE /* Copy Pods Resources */,
			);
			buildRules = (
			);
			dependencies = (
			);
			name = HelloEstimote;
			productName = HelloEstimote;
			productReference = 6B98E5BC1C131BEF0033A133 /* HelloEstimote.app */;
			productType = "com.apple.product-type.application";
		};
/* End PBXNativeTarget section */

/* Begin PBXProject section */
		6B98E5B41C131BEF0033A133 /* Project object */ = {
			isa = PBXProject;
			attributes = {
				LastSwiftUpdateCheck = 0710;
				LastUpgradeCheck = 0710;
				ORGANIZATIONNAME = "A Chuvash Guy";
				TargetAttributes = {
					6B98E5BB1C131BEF0033A133 = {
						CreatedOnToolsVersion = 7.1.1;
						DevelopmentTeam = 397V3UFA28;
					};
				};
			};
			buildConfigurationList = 6B98E5B71C131BEF0033A133 /* Build configuration list for PBXProject "HelloEstimote" */;
			compatibilityVersion = "Xcode 3.2";
			developmentRegion = English;
			hasScannedForEncodings = 0;
			knownRegions = (
				en,
				Base,
			);
			mainGroup = 6B98E5B31C131BEF0033A133;
			productRefGroup = 6B98E5BD1C131BEF0033A133 /* Products */;
			projectDirPath = "";
			projectRoot = "";
			targets = (
				6B98E5BB1C131BEF0033A133 /* HelloEstimote */,
			);
		};
/* End PBXProject section */

/* Begin PBXResourcesBuildPhase section */
		6B98E5BA1C131BEF0033A133 /* Resources */ = {
			isa = PBXResourcesBuildPhase;
			buildActionMask = 2147483647;
			files = (
				6B98E5CA1C131BEF0033A133 /* LaunchScreen.storyboard in Resources */,
				6B98E5C71C131BEF0033A133 /* Assets.xcassets in Resources */,
				6B98E5C51C131BEF0033A133 /* Main.storyboard in Resources */,
			);
			runOnlyForDeploymentPostprocessing = 0;
		};
/* End PBXResourcesBuildPhase section */

/* Begin PBXShellScriptBuildPhase section */
		1E6CF43D64C37E1C8AB8C6BE /* Copy Pods Resources */ = {
			isa = PBXShellScriptBuildPhase;
			buildActionMask = 2147483647;
			files = (
			);
			inputPaths = (
			);
			name = "Copy Pods Resources";
			outputPaths = (
			);
			runOnlyForDeploymentPostprocessing = 0;
			shellPath = /bin/sh;
			shellScript = "\"${SRCROOT}/Pods/Target Support Files/Pods/Pods-resources.sh\"\n";
			showEnvVarsInLog = 0;
		};
		862019E28B9DDF573E054DD1 /* Embed Pods Frameworks */ = {
			isa = PBXShellScriptBuildPhase;
			buildActionMask = 2147483647;
			files = (
			);
			inputPaths = (
			);
			name = "Embed Pods Frameworks";
			outputPaths = (
			);
			runOnlyForDeploymentPostprocessing = 0;
			shellPath = /bin/sh;
			shellScript = "\"${SRCROOT}/Pods/Target Support Files/Pods/Pods-frameworks.sh\"\n";
			showEnvVarsInLog = 0;
		};
		CC983D8759DA4D54D527FF12 /* Check Pods Manifest.lock */ = {
			isa = PBXShellScriptBuildPhase;
			buildActionMask = 2147483647;
			files = (
			);
			inputPaths = (
			);
			name = "Check Pods Manifest.lock";
			outputPaths = (
			);
			runOnlyForDeploymentPostprocessing = 0;
			shellPath = /bin/sh;
			shellScript = "diff \"${PODS_ROOT}/../Podfile.lock\" \"${PODS_ROOT}/Manifest.lock\" > /dev/null\nif [[ $? != 0 ]] ; then\n    cat << EOM\nerror: The sandbox is not in sync with the Podfile.lock. Run 'pod install' or update your CocoaPods installation.\nEOM\n    exit 1\nfi\n";
			showEnvVarsInLog = 0;
		};
/* End PBXShellScriptBuildPhase section */

/* Begin PBXSourcesBuildPhase section */
		6B98E5B81C131BEF0033A133 /* Sources */ = {
			isa = PBXSourcesBuildPhase;
			buildActionMask = 2147483647;
			files = (
				6B98E5C21C131BEF0033A133 /* ViewController.swift in Sources */,
				6B98E5C01C131BEF0033A133 /* AppDelegate.swift in Sources */,
			);
			runOnlyForDeploymentPostprocessing = 0;
		};
/* End PBXSourcesBuildPhase section */

/* Begin PBXVariantGroup section */
		6B98E5C31C131BEF0033A133 /* Main.storyboard */ = {
			isa = PBXVariantGroup;
			children = (
				6B98E5C41C131BEF0033A133 /* Base */,
			);
			name = Main.storyboard;
			sourceTree = "<group>";
		};
		6B98E5C81C131BEF0033A133 /* LaunchScreen.storyboard */ = {
			isa = PBXVariantGroup;
			children = (
				6B98E5C91C131BEF0033A133 /* Base */,
			);
			name = LaunchScreen.storyboard;
			sourceTree = "<group>";
		};
/* End PBXVariantGroup section */

/* Begin XCBuildConfiguration section */
		6B98E5CC1C131BEF0033A133 /* Debug */ = {
			isa = XCBuildConfiguration;
			buildSettings = {
				ALWAYS_SEARCH_USER_PATHS = NO;
				CLANG_CXX_LANGUAGE_STANDARD = "gnu++0x";
				CLANG_CXX_LIBRARY = "libc++";
				CLANG_ENABLE_MODULES = YES;
				CLANG_ENABLE_OBJC_ARC = YES;
				CLANG_WARN_BOOL_CONVERSION = YES;
				CLANG_WARN_CONSTANT_CONVERSION = YES;
				CLANG_WARN_DIRECT_OBJC_ISA_USAGE = YES_ERROR;
				CLANG_WARN_EMPTY_BODY = YES;
				CLANG_WARN_ENUM_CONVERSION = YES;
				CLANG_WARN_INT_CONVERSION = YES;
				CLANG_WARN_OBJC_ROOT_CLASS = YES_ERROR;
				CLANG_WARN_UNREACHABLE_CODE = YES;
				CLANG_WARN__DUPLICATE_METHOD_MATCH = YES;
				"CODE_SIGN_IDENTITY[sdk=iphoneos*]" = "iPhone Developer";
				COPY_PHASE_STRIP = NO;
				DEBUG_INFORMATION_FORMAT = dwarf;
				ENABLE_STRICT_OBJC_MSGSEND = YES;
				ENABLE_TESTABILITY = YES;
				GCC_C_LANGUAGE_STANDARD = gnu99;
				GCC_DYNAMIC_NO_PIC = NO;
				GCC_NO_COMMON_BLOCKS = YES;
				GCC_OPTIMIZATION_LEVEL = 0;
				GCC_PREPROCESSOR_DEFINITIONS = (
					"DEBUG=1",
					"$(inherited)",
				);
				GCC_WARN_64_TO_32_BIT_CONVERSION = YES;
				GCC_WARN_ABOUT_RETURN_TYPE = YES_ERROR;
				GCC_WARN_UNDECLARED_SELECTOR = YES;
				GCC_WARN_UNINITIALIZED_AUTOS = YES_AGGRESSIVE;
				GCC_WARN_UNUSED_FUNCTION = YES;
				GCC_WARN_UNUSED_VARIABLE = YES;
				IPHONEOS_DEPLOYMENT_TARGET = 9.1;
				MTL_ENABLE_DEBUG_INFO = YES;
				ONLY_ACTIVE_ARCH = YES;
				SDKROOT = iphoneos;
				SWIFT_OPTIMIZATION_LEVEL = "-Onone";
			};
			name = Debug;
		};
		6B98E5CD1C131BEF0033A133 /* Release */ = {
			isa = XCBuildConfiguration;
			buildSettings = {
				ALWAYS_SEARCH_USER_PATHS = NO;
				CLANG_CXX_LANGUAGE_STANDARD = "gnu++0x";
				CLANG_CXX_LIBRARY = "libc++";
				CLANG_ENABLE_MODULES = YES;
				CLANG_ENABLE_OBJC_ARC = YES;
				CLANG_WARN_BOOL_CONVERSION = YES;
				CLANG_WARN_CONSTANT_CONVERSION = YES;
				CLANG_WARN_DIRECT_OBJC_ISA_USAGE = YES_ERROR;
				CLANG_WARN_EMPTY_BODY = YES;
				CLANG_WARN_ENUM_CONVERSION = YES;
				CLANG_WARN_INT_CONVERSION = YES;
				CLANG_WARN_OBJC_ROOT_CLASS = YES_ERROR;
				CLANG_WARN_UNREACHABLE_CODE = YES;
				CLANG_WARN__DUPLICATE_METHOD_MATCH = YES;
				"CODE_SIGN_IDENTITY[sdk=iphoneos*]" = "iPhone Developer";
				COPY_PHASE_STRIP = NO;
				DEBUG_INFORMATION_FORMAT = "dwarf-with-dsym";
				ENABLE_NS_ASSERTIONS = NO;
				ENABLE_STRICT_OBJC_MSGSEND = YES;
				GCC_C_LANGUAGE_STANDARD = gnu99;
				GCC_NO_COMMON_BLOCKS = YES;
				GCC_WARN_64_TO_32_BIT_CONVERSION = YES;
				GCC_WARN_ABOUT_RETURN_TYPE = YES_ERROR;
				GCC_WARN_UNDECLARED_SELECTOR = YES;
				GCC_WARN_UNINITIALIZED_AUTOS = YES_AGGRESSIVE;
				GCC_WARN_UNUSED_FUNCTION = YES;
				GCC_WARN_UNUSED_VARIABLE = YES;
				IPHONEOS_DEPLOYMENT_TARGET = 9.1;
				MTL_ENABLE_DEBUG_INFO = NO;
				SDKROOT = iphoneos;
				VALIDATE_PRODUCT = YES;
			};
			name = Release;
		};
		6B98E5CF1C131BEF0033A133 /* Debug */ = {
			isa = XCBuildConfiguration;
			baseConfigurationReference = C05869735B46F34418428462 /* Pods.debug.xcconfig */;
			buildSettings = {
				ASSETCATALOG_COMPILER_APPICON_NAME = AppIcon;
				INFOPLIST_FILE = HelloEstimote/Info.plist;
				LD_RUNPATH_SEARCH_PATHS = "$(inherited) @executable_path/Frameworks";
				PRODUCT_BUNDLE_IDENTIFIER = eu.chuvash.apple.HelloEstimote;
				PRODUCT_NAME = "$(TARGET_NAME)";
				SWIFT_OBJC_BRIDGING_HEADER = "${PROJECT_NAME}/ObjCBridge.h";
			};
			name = Debug;
		};
		6B98E5D01C131BEF0033A133 /* Release */ = {
			isa = XCBuildConfiguration;
			baseConfigurationReference = 288CF55D461CA44745B6DB3B /* Pods.release.xcconfig */;
			buildSettings = {
				ASSETCATALOG_COMPILER_APPICON_NAME = AppIcon;
				INFOPLIST_FILE = HelloEstimote/Info.plist;
				LD_RUNPATH_SEARCH_PATHS = "$(inherited) @executable_path/Frameworks";
				PRODUCT_BUNDLE_IDENTIFIER = eu.chuvash.apple.HelloEstimote;
				PRODUCT_NAME = "$(TARGET_NAME)";
				SWIFT_OBJC_BRIDGING_HEADER = "${PROJECT_NAME}/ObjCBridge.h";
			};
			name = Release;
		};
/* End XCBuildConfiguration section */

/* Begin XCConfigurationList section */
		6B98E5B71C131BEF0033A133 /* Build configuration list for PBXProject "HelloEstimote" */ = {
			isa = XCConfigurationList;
			buildConfigurations = (
				6B98E5CC1C131BEF0033A133 /* Debug */,
				6B98E5CD1C131BEF0033A133 /* Release */,
			);
			defaultConfigurationIsVisible = 0;
			defaultConfigurationName = Release;
		};
		6B98E5CE1C131BEF0033A133 /* Build configuration list for PBXNativeTarget "HelloEstimote" */ = {
			isa = XCConfigurationList;
			buildConfigurations = (
				6B98E5CF1C131BEF0033A133 /* Debug */,
				6B98E5D01C131BEF0033A133 /* Release */,
			);
			defaultConfigurationIsVisible = 0;
			defaultConfigurationName = Release;
		};
/* End XCConfigurationList section */
	};
	rootObject = 6B98E5B41C131BEF0033A133 /* Project object */;
}
