// !$*UTF8*$!
{
	archiveVersion = 1;
	classes = {
	};
	objectVersion = 46;
	objects = {

/* Begin PBXBuildFile section */
		6B86CF941C10934200782927 /* AppDelegate.swift in Sources */ = {isa = PBXBuildFile; fileRef = 6B86CF931C10934200782927 /* AppDelegate.swift */; };
		6B86CF961C10934200782927 /* ViewController.swift in Sources */ = {isa = PBXBuildFile; fileRef = 6B86CF951C10934200782927 /* ViewController.swift */; };
		6B86CF991C10934200782927 /* Main.storyboard in Resources */ = {isa = PBXBuildFile; fileRef = 6B86CF971C10934200782927 /* Main.storyboard */; };
		6B86CF9B1C10934200782927 /* Assets.xcassets in Resources */ = {isa = PBXBuildFile; fileRef = 6B86CF9A1C10934200782927 /* Assets.xcassets */; };
		6B86CF9E1C10934200782927 /* LaunchScreen.storyboard in Resources */ = {isa = PBXBuildFile; fileRef = 6B86CF9C1C10934200782927 /* LaunchScreen.storyboard */; };
		6B86CFA91C10934300782927 /* HelloWorldTests.swift in Sources */ = {isa = PBXBuildFile; fileRef = 6B86CFA81C10934300782927 /* HelloWorldTests.swift */; };
		6B86CFB41C10934300782927 /* HelloWorldUITests.swift in Sources */ = {isa = PBXBuildFile; fileRef = 6B86CFB31C10934300782927 /* HelloWorldUITests.swift */; };
/* End PBXBuildFile section */

/* Begin PBXContainerItemProxy section */
		6B86CFA51C10934300782927 /* PBXContainerItemProxy */ = {
			isa = PBXContainerItemProxy;
			containerPortal = 6B86CF881C10934200782927 /* Project object */;
			proxyType = 1;
			remoteGlobalIDString = 6B86CF8F1C10934200782927;
			remoteInfo = HelloWorld;
		};
		6B86CFB01C10934300782927 /* PBXContainerItemProxy */ = {
			isa = PBXContainerItemProxy;
			containerPortal = 6B86CF881C10934200782927 /* Project object */;
			proxyType = 1;
			remoteGlobalIDString = 6B86CF8F1C10934200782927;
			remoteInfo = HelloWorld;
		};
/* End PBXContainerItemProxy section */

/* Begin PBXFileReference section */
		6B86CF901C10934200782927 /* HelloWorld.app */ = {isa = PBXFileReference; explicitFileType = wrapper.application; includeInIndex = 0; path = HelloWorld.app; sourceTree = BUILT_PRODUCTS_DIR; };
		6B86CF931C10934200782927 /* AppDelegate.swift */ = {isa = PBXFileReference; lastKnownFileType = sourcecode.swift; path = AppDelegate.swift; sourceTree = "<group>"; };
		6B86CF951C10934200782927 /* ViewController.swift */ = {isa = PBXFileReference; lastKnownFileType = sourcecode.swift; path = ViewController.swift; sourceTree = "<group>"; };
		6B86CF981C10934200782927 /* Base */ = {isa = PBXFileReference; lastKnownFileType = file.storyboard; name = Base; path = Base.lproj/Main.storyboard; sourceTree = "<group>"; };
		6B86CF9A1C10934200782927 /* Assets.xcassets */ = {isa = PBXFileReference; lastKnownFileType = folder.assetcatalog; path = Assets.xcassets; sourceTree = "<group>"; };
		6B86CF9D1C10934200782927 /* Base */ = {isa = PBXFileReference; lastKnownFileType = file.storyboard; name = Base; path = Base.lproj/LaunchScreen.storyboard; sourceTree = "<group>"; };
		6B86CF9F1C10934200782927 /* Info.plist */ = {isa = PBXFileReference; lastKnownFileType = text.plist.xml; path = Info.plist; sourceTree = "<group>"; };
		6B86CFA41C10934300782927 /* HelloWorldTests.xctest */ = {isa = PBXFileReference; explicitFileType = wrapper.cfbundle; includeInIndex = 0; path = HelloWorldTests.xctest; sourceTree = BUILT_PRODUCTS_DIR; };
		6B86CFA81C10934300782927 /* HelloWorldTests.swift */ = {isa = PBXFileReference; lastKnownFileType = sourcecode.swift; path = HelloWorldTests.swift; sourceTree = "<group>"; };
		6B86CFAA1C10934300782927 /* Info.plist */ = {isa = PBXFileReference; lastKnownFileType = text.plist.xml; path = Info.plist; sourceTree = "<group>"; };
		6B86CFAF1C10934300782927 /* HelloWorldUITests.xctest */ = {isa = PBXFileReference; explicitFileType = wrapper.cfbundle; includeInIndex = 0; path = HelloWorldUITests.xctest; sourceTree = BUILT_PRODUCTS_DIR; };
		6B86CFB31C10934300782927 /* HelloWorldUITests.swift */ = {isa = PBXFileReference; lastKnownFileType = sourcecode.swift; path = HelloWorldUITests.swift; sourceTree = "<group>"; };
		6B86CFB51C10934300782927 /* Info.plist */ = {isa = PBXFileReference; lastKnownFileType = text.plist.xml; path = Info.plist; sourceTree = "<group>"; };
/* End PBXFileReference section */

/* Begin PBXFrameworksBuildPhase section */
		6B86CF8D1C10934200782927 /* Frameworks */ = {
			isa = PBXFrameworksBuildPhase;
			buildActionMask = 2147483647;
			files = (
			);
			runOnlyForDeploymentPostprocessing = 0;
		};
		6B86CFA11C10934300782927 /* Frameworks */ = {
			isa = PBXFrameworksBuildPhase;
			buildActionMask = 2147483647;
			files = (
			);
			runOnlyForDeploymentPostprocessing = 0;
		};
		6B86CFAC1C10934300782927 /* Frameworks */ = {
			isa = PBXFrameworksBuildPhase;
			buildActionMask = 2147483647;
			files = (
			);
			runOnlyForDeploymentPostprocessing = 0;
		};
/* End PBXFrameworksBuildPhase section */

/* Begin PBXGroup section */
		6B86CF871C10934200782927 = {
			isa = PBXGroup;
			children = (
				6B86CF921C10934200782927 /* HelloWorld */,
				6B86CFA71C10934300782927 /* HelloWorldTests */,
				6B86CFB21C10934300782927 /* HelloWorldUITests */,
				6B86CF911C10934200782927 /* Products */,
			);
			sourceTree = "<group>";
		};
		6B86CF911C10934200782927 /* Products */ = {
			isa = PBXGroup;
			children = (
				6B86CF901C10934200782927 /* HelloWorld.app */,
				6B86CFA41C10934300782927 /* HelloWorldTests.xctest */,
				6B86CFAF1C10934300782927 /* HelloWorldUITests.xctest */,
			);
			name = Products;
			sourceTree = "<group>";
		};
		6B86CF921C10934200782927 /* HelloWorld */ = {
			isa = PBXGroup;
			children = (
				6B86CF931C10934200782927 /* AppDelegate.swift */,
				6B86CF951C10934200782927 /* ViewController.swift */,
				6B86CF971C10934200782927 /* Main.storyboard */,
				6B86CF9A1C10934200782927 /* Assets.xcassets */,
				6B86CF9C1C10934200782927 /* LaunchScreen.storyboard */,
				6B86CF9F1C10934200782927 /* Info.plist */,
			);
			path = HelloWorld;
			sourceTree = "<group>";
		};
		6B86CFA71C10934300782927 /* HelloWorldTests */ = {
			isa = PBXGroup;
			children = (
				6B86CFA81C10934300782927 /* HelloWorldTests.swift */,
				6B86CFAA1C10934300782927 /* Info.plist */,
			);
			path = HelloWorldTests;
			sourceTree = "<group>";
		};
		6B86CFB21C10934300782927 /* HelloWorldUITests */ = {
			isa = PBXGroup;
			children = (
				6B86CFB31C10934300782927 /* HelloWorldUITests.swift */,
				6B86CFB51C10934300782927 /* Info.plist */,
			);
			path = HelloWorldUITests;
			sourceTree = "<group>";
		};
/* End PBXGroup section */

/* Begin PBXNativeTarget section */
		6B86CF8F1C10934200782927 /* HelloWorld */ = {
			isa = PBXNativeTarget;
			buildConfigurationList = 6B86CFB81C10934300782927 /* Build configuration list for PBXNativeTarget "HelloWorld" */;
			buildPhases = (
				6B86CF8C1C10934200782927 /* Sources */,
				6B86CF8D1C10934200782927 /* Frameworks */,
				6B86CF8E1C10934200782927 /* Resources */,
			);
			buildRules = (
			);
			dependencies = (
			);
			name = HelloWorld;
			productName = HelloWorld;
			productReference = 6B86CF901C10934200782927 /* HelloWorld.app */;
			productType = "com.apple.product-type.application";
		};
		6B86CFA31C10934300782927 /* HelloWorldTests */ = {
			isa = PBXNativeTarget;
			buildConfigurationList = 6B86CFBB1C10934300782927 /* Build configuration list for PBXNativeTarget "HelloWorldTests" */;
			buildPhases = (
				6B86CFA01C10934300782927 /* Sources */,
				6B86CFA11C10934300782927 /* Frameworks */,
				6B86CFA21C10934300782927 /* Resources */,
			);
			buildRules = (
			);
			dependencies = (
				6B86CFA61C10934300782927 /* PBXTargetDependency */,
			);
			name = HelloWorldTests;
			productName = HelloWorldTests;
			productReference = 6B86CFA41C10934300782927 /* HelloWorldTests.xctest */;
			productType = "com.apple.product-type.bundle.unit-test";
		};
		6B86CFAE1C10934300782927 /* HelloWorldUITests */ = {
			isa = PBXNativeTarget;
			buildConfigurationList = 6B86CFBE1C10934300782927 /* Build configuration list for PBXNativeTarget "HelloWorldUITests" */;
			buildPhases = (
				6B86CFAB1C10934300782927 /* Sources */,
				6B86CFAC1C10934300782927 /* Frameworks */,
				6B86CFAD1C10934300782927 /* Resources */,
			);
			buildRules = (
			);
			dependencies = (
				6B86CFB11C10934300782927 /* PBXTargetDependency */,
			);
			name = HelloWorldUITests;
			productName = HelloWorldUITests;
			productReference = 6B86CFAF1C10934300782927 /* HelloWorldUITests.xctest */;
			productType = "com.apple.product-type.bundle.ui-testing";
		};
/* End PBXNativeTarget section */

/* Begin PBXProject section */
		6B86CF881C10934200782927 /* Project object */ = {
			isa = PBXProject;
			attributes = {
				LastSwiftUpdateCheck = 0710;
				LastUpgradeCheck = 0710;
				ORGANIZATIONNAME = "A Chuvash Guy";
				TargetAttributes = {
					6B86CF8F1C10934200782927 = {
						CreatedOnToolsVersion = 7.1.1;
						DevelopmentTeam = 397V3UFA28;
					};
					6B86CFA31C10934300782927 = {
						CreatedOnToolsVersion = 7.1.1;
						DevelopmentTeam = 397V3UFA28;
						TestTargetID = 6B86CF8F1C10934200782927;
					};
					6B86CFAE1C10934300782927 = {
						CreatedOnToolsVersion = 7.1.1;
						DevelopmentTeam = 397V3UFA28;
						TestTargetID = 6B86CF8F1C10934200782927;
					};
				};
			};
			buildConfigurationList = 6B86CF8B1C10934200782927 /* Build configuration list for PBXProject "HelloWorld" */;
			compatibilityVersion = "Xcode 3.2";
			developmentRegion = English;
			hasScannedForEncodings = 0;
			knownRegions = (
				en,
				Base,
			);
			mainGroup = 6B86CF871C10934200782927;
			productRefGroup = 6B86CF911C10934200782927 /* Products */;
			projectDirPath = "";
			projectRoot = "";
			targets = (
				6B86CF8F1C10934200782927 /* HelloWorld */,
				6B86CFA31C10934300782927 /* HelloWorldTests */,
				6B86CFAE1C10934300782927 /* HelloWorldUITests */,
			);
		};
/* End PBXProject section */

/* Begin PBXResourcesBuildPhase section */
		6B86CF8E1C10934200782927 /* Resources */ = {
			isa = PBXResourcesBuildPhase;
			buildActionMask = 2147483647;
			files = (
				6B86CF9E1C10934200782927 /* LaunchScreen.storyboard in Resources */,
				6B86CF9B1C10934200782927 /* Assets.xcassets in Resources */,
				6B86CF991C10934200782927 /* Main.storyboard in Resources */,
			);
			runOnlyForDeploymentPostprocessing = 0;
		};
		6B86CFA21C10934300782927 /* Resources */ = {
			isa = PBXResourcesBuildPhase;
			buildActionMask = 2147483647;
			files = (
			);
			runOnlyForDeploymentPostprocessing = 0;
		};
		6B86CFAD1C10934300782927 /* Resources */ = {
			isa = PBXResourcesBuildPhase;
			buildActionMask = 2147483647;
			files = (
			);
			runOnlyForDeploymentPostprocessing = 0;
		};
/* End PBXResourcesBuildPhase section */

/* Begin PBXSourcesBuildPhase section */
		6B86CF8C1C10934200782927 /* Sources */ = {
			isa = PBXSourcesBuildPhase;
			buildActionMask = 2147483647;
			files = (
				6B86CF961C10934200782927 /* ViewController.swift in Sources */,
				6B86CF941C10934200782927 /* AppDelegate.swift in Sources */,
			);
			runOnlyForDeploymentPostprocessing = 0;
		};
		6B86CFA01C10934300782927 /* Sources */ = {
			isa = PBXSourcesBuildPhase;
			buildActionMask = 2147483647;
			files = (
				6B86CFA91C10934300782927 /* HelloWorldTests.swift in Sources */,
			);
			runOnlyForDeploymentPostprocessing = 0;
		};
		6B86CFAB1C10934300782927 /* Sources */ = {
			isa = PBXSourcesBuildPhase;
			buildActionMask = 2147483647;
			files = (
				6B86CFB41C10934300782927 /* HelloWorldUITests.swift in Sources */,
			);
			runOnlyForDeploymentPostprocessing = 0;
		};
/* End PBXSourcesBuildPhase section */

/* Begin PBXTargetDependency section */
		6B86CFA61C10934300782927 /* PBXTargetDependency */ = {
			isa = PBXTargetDependency;
			target = 6B86CF8F1C10934200782927 /* HelloWorld */;
			targetProxy = 6B86CFA51C10934300782927 /* PBXContainerItemProxy */;
		};
		6B86CFB11C10934300782927 /* PBXTargetDependency */ = {
			isa = PBXTargetDependency;
			target = 6B86CF8F1C10934200782927 /* HelloWorld */;
			targetProxy = 6B86CFB01C10934300782927 /* PBXContainerItemProxy */;
		};
/* End PBXTargetDependency section */

/* Begin PBXVariantGroup section */
		6B86CF971C10934200782927 /* Main.storyboard */ = {
			isa = PBXVariantGroup;
			children = (
				6B86CF981C10934200782927 /* Base */,
			);
			name = Main.storyboard;
			sourceTree = "<group>";
		};
		6B86CF9C1C10934200782927 /* LaunchScreen.storyboard */ = {
			isa = PBXVariantGroup;
			children = (
				6B86CF9D1C10934200782927 /* Base */,
			);
			name = LaunchScreen.storyboard;
			sourceTree = "<group>";
		};
/* End PBXVariantGroup section */

/* Begin XCBuildConfiguration section */
		6B86CFB61C10934300782927 /* Debug */ = {
			isa = XCBuildConfiguration;
			buildSettings = {
				ALWAYS_SEARCH_USER_PATHS = NO;
				CLANG_CXX_LANGUAGE_STANDARD = "gnu++0x";
				CLANG_CXX_LIBRARY = "libc++";
				CLANG_ENABLE_MODULES = YES;
				CLANG_ENABLE_OBJC_ARC = YES;
				CLANG_WARN_BOOL_CONVERSION = YES;
				CLANG_WARN_CONSTANT_CONVERSION = YES;
				CLANG_WARN_DIRECT_OBJC_ISA_USAGE = YES_ERROR;
				CLANG_WARN_EMPTY_BODY = YES;
				CLANG_WARN_ENUM_CONVERSION = YES;
				CLANG_WARN_INT_CONVERSION = YES;
				CLANG_WARN_OBJC_ROOT_CLASS = YES_ERROR;
				CLANG_WARN_UNREACHABLE_CODE = YES;
				CLANG_WARN__DUPLICATE_METHOD_MATCH = YES;
				"CODE_SIGN_IDENTITY[sdk=iphoneos*]" = "iPhone Developer";
				COPY_PHASE_STRIP = NO;
				DEBUG_INFORMATION_FORMAT = dwarf;
				ENABLE_STRICT_OBJC_MSGSEND = YES;
				ENABLE_TESTABILITY = YES;
				GCC_C_LANGUAGE_STANDARD = gnu99;
				GCC_DYNAMIC_NO_PIC = NO;
				GCC_NO_COMMON_BLOCKS = YES;
				GCC_OPTIMIZATION_LEVEL = 0;
				GCC_PREPROCESSOR_DEFINITIONS = (
					"DEBUG=1",
					"$(inherited)",
				);
				GCC_WARN_64_TO_32_BIT_CONVERSION = YES;
				GCC_WARN_ABOUT_RETURN_TYPE = YES_ERROR;
				GCC_WARN_UNDECLARED_SELECTOR = YES;
				GCC_WARN_UNINITIALIZED_AUTOS = YES_AGGRESSIVE;
				GCC_WARN_UNUSED_FUNCTION = YES;
				GCC_WARN_UNUSED_VARIABLE = YES;
				IPHONEOS_DEPLOYMENT_TARGET = 9.1;
				MTL_ENABLE_DEBUG_INFO = YES;
				ONLY_ACTIVE_ARCH = YES;
				SDKROOT = iphoneos;
				SWIFT_OPTIMIZATION_LEVEL = "-Onone";
				TARGETED_DEVICE_FAMILY = "1,2";
			};
			name = Debug;
		};
		6B86CFB71C10934300782927 /* Release */ = {
			isa = XCBuildConfiguration;
			buildSettings = {
				ALWAYS_SEARCH_USER_PATHS = NO;
				CLANG_CXX_LANGUAGE_STANDARD = "gnu++0x";
				CLANG_CXX_LIBRARY = "libc++";
				CLANG_ENABLE_MODULES = YES;
				CLANG_ENABLE_OBJC_ARC = YES;
				CLANG_WARN_BOOL_CONVERSION = YES;
				CLANG_WARN_CONSTANT_CONVERSION = YES;
				CLANG_WARN_DIRECT_OBJC_ISA_USAGE = YES_ERROR;
				CLANG_WARN_EMPTY_BODY = YES;
				CLANG_WARN_ENUM_CONVERSION = YES;
				CLANG_WARN_INT_CONVERSION = YES;
				CLANG_WARN_OBJC_ROOT_CLASS = YES_ERROR;
				CLANG_WARN_UNREACHABLE_CODE = YES;
				CLANG_WARN__DUPLICATE_METHOD_MATCH = YES;
				"CODE_SIGN_IDENTITY[sdk=iphoneos*]" = "iPhone Developer";
				COPY_PHASE_STRIP = NO;
				DEBUG_INFORMATION_FORMAT = "dwarf-with-dsym";
				ENABLE_NS_ASSERTIONS = NO;
				ENABLE_STRICT_OBJC_MSGSEND = YES;
				GCC_C_LANGUAGE_STANDARD = gnu99;
				GCC_NO_COMMON_BLOCKS = YES;
				GCC_WARN_64_TO_32_BIT_CONVERSION = YES;
				GCC_WARN_ABOUT_RETURN_TYPE = YES_ERROR;
				GCC_WARN_UNDECLARED_SELECTOR = YES;
				GCC_WARN_UNINITIALIZED_AUTOS = YES_AGGRESSIVE;
				GCC_WARN_UNUSED_FUNCTION = YES;
				GCC_WARN_UNUSED_VARIABLE = YES;
				IPHONEOS_DEPLOYMENT_TARGET = 9.1;
				MTL_ENABLE_DEBUG_INFO = NO;
				SDKROOT = iphoneos;
				TARGETED_DEVICE_FAMILY = "1,2";
				VALIDATE_PRODUCT = YES;
			};
			name = Release;
		};
		6B86CFB91C10934300782927 /* Debug */ = {
			isa = XCBuildConfiguration;
			buildSettings = {
				ASSETCATALOG_COMPILER_APPICON_NAME = AppIcon;
				INFOPLIST_FILE = HelloWorld/Info.plist;
				LD_RUNPATH_SEARCH_PATHS = "$(inherited) @executable_path/Frameworks";
				PRODUCT_BUNDLE_IDENTIFIER = com.tollemac.HelloWorld;
				PRODUCT_NAME = "$(TARGET_NAME)";
			};
			name = Debug;
		};
		6B86CFBA1C10934300782927 /* Release */ = {
			isa = XCBuildConfiguration;
			buildSettings = {
				ASSETCATALOG_COMPILER_APPICON_NAME = AppIcon;
				INFOPLIST_FILE = HelloWorld/Info.plist;
				LD_RUNPATH_SEARCH_PATHS = "$(inherited) @executable_path/Frameworks";
				PRODUCT_BUNDLE_IDENTIFIER = com.tollemac.HelloWorld;
				PRODUCT_NAME = "$(TARGET_NAME)";
			};
			name = Release;
		};
		6B86CFBC1C10934300782927 /* Debug */ = {
			isa = XCBuildConfiguration;
			buildSettings = {
				BUNDLE_LOADER = "$(TEST_HOST)";
				INFOPLIST_FILE = HelloWorldTests/Info.plist;
				LD_RUNPATH_SEARCH_PATHS = "$(inherited) @executable_path/Frameworks @loader_path/Frameworks";
				PRODUCT_BUNDLE_IDENTIFIER = com.companyname.HelloWorldTests;
				PRODUCT_NAME = "$(TARGET_NAME)";
				TEST_HOST = "$(BUILT_PRODUCTS_DIR)/HelloWorld.app/HelloWorld";
			};
			name = Debug;
		};
		6B86CFBD1C10934300782927 /* Release */ = {
			isa = XCBuildConfiguration;
			buildSettings = {
				BUNDLE_LOADER = "$(TEST_HOST)";
				INFOPLIST_FILE = HelloWorldTests/Info.plist;
				LD_RUNPATH_SEARCH_PATHS = "$(inherited) @executable_path/Frameworks @loader_path/Frameworks";
				PRODUCT_BUNDLE_IDENTIFIER = com.companyname.HelloWorldTests;
				PRODUCT_NAME = "$(TARGET_NAME)";
				TEST_HOST = "$(BUILT_PRODUCTS_DIR)/HelloWorld.app/HelloWorld";
			};
			name = Release;
		};
		6B86CFBF1C10934300782927 /* Debug */ = {
			isa = XCBuildConfiguration;
			buildSettings = {
				INFOPLIST_FILE = HelloWorldUITests/Info.plist;
				LD_RUNPATH_SEARCH_PATHS = "$(inherited) @executable_path/Frameworks @loader_path/Frameworks";
				PRODUCT_BUNDLE_IDENTIFIER = com.companyname.HelloWorldUITests;
				PRODUCT_NAME = "$(TARGET_NAME)";
				TEST_TARGET_NAME = HelloWorld;
				USES_XCTRUNNER = YES;
			};
			name = Debug;
		};
		6B86CFC01C10934300782927 /* Release */ = {
			isa = XCBuildConfiguration;
			buildSettings = {
				INFOPLIST_FILE = HelloWorldUITests/Info.plist;
				LD_RUNPATH_SEARCH_PATHS = "$(inherited) @executable_path/Frameworks @loader_path/Frameworks";
				PRODUCT_BUNDLE_IDENTIFIER = com.companyname.HelloWorldUITests;
				PRODUCT_NAME = "$(TARGET_NAME)";
				TEST_TARGET_NAME = HelloWorld;
				USES_XCTRUNNER = YES;
			};
			name = Release;
		};
/* End XCBuildConfiguration section */

/* Begin XCConfigurationList section */
		6B86CF8B1C10934200782927 /* Build configuration list for PBXProject "HelloWorld" */ = {
			isa = XCConfigurationList;
			buildConfigurations = (
				6B86CFB61C10934300782927 /* Debug */,
				6B86CFB71C10934300782927 /* Release */,
			);
			defaultConfigurationIsVisible = 0;
			defaultConfigurationName = Release;
		};
		6B86CFB81C10934300782927 /* Build configuration list for PBXNativeTarget "HelloWorld" */ = {
			isa = XCConfigurationList;
			buildConfigurations = (
				6B86CFB91C10934300782927 /* Debug */,
				6B86CFBA1C10934300782927 /* Release */,
			);
			defaultConfigurationIsVisible = 0;
		};
		6B86CFBB1C10934300782927 /* Build configuration list for PBXNativeTarget "HelloWorldTests" */ = {
			isa = XCConfigurationList;
			buildConfigurations = (
				6B86CFBC1C10934300782927 /* Debug */,
				6B86CFBD1C10934300782927 /* Release */,
			);
			defaultConfigurationIsVisible = 0;
		};
		6B86CFBE1C10934300782927 /* Build configuration list for PBXNativeTarget "HelloWorldUITests" */ = {
			isa = XCConfigurationList;
			buildConfigurations = (
				6B86CFBF1C10934300782927 /* Debug */,
				6B86CFC01C10934300782927 /* Release */,
			);
			defaultConfigurationIsVisible = 0;
		};
/* End XCConfigurationList section */
	};
	rootObject = 6B86CF881C10934200782927 /* Project object */;
}
